
Microsoft Visual Studio Solution File, Format Version 12.00
# Visual Studio Version 16
VisualStudioVersion = 16.0.29424.173
MinimumVisualStudioVersion = 10.0.40219.1
Project("{9A19103F-16F7-4668-BE54-9A1E7A4F7556}") = "2", "2\2.csproj", "{0A93898D-8FBF-4ED4-A02E-5C654A1D8303}"
EndProject
Project("{9A19103F-16F7-4668-BE54-9A1E7A4F7556}") = "3", "3\3.csproj", "{E1DC4941-FDA4-4761-955D-3C0297DB0D64}"
EndProject
Project("{9A19103F-16F7-4668-BE54-9A1E7A4F7556}") = "4", "4\4.csproj", "{4F73EE92-8090-4693-9FEC-61AB3600B455}"
EndProject
Project("{9A19103F-16F7-4668-BE54-9A1E7A4F7556}") = "5", "5\5.csproj", "{FB93C50B-2FD1-419F-AC16-6D386F38D005}"
EndProject
Project("{9A19103F-16F7-4668-BE54-9A1E7A4F7556}") = "1", "1\1.csproj", "{20D15D5B-1AED-4D4D-85E1-913179CDEF17}"
EndProject
Project("{9A19103F-16F7-4668-BE54-9A1E7A4F7556}") = "6", "6\6.csproj", "{E104607D-06BF-4A39-AEC4-22F4D1B1559E}"
EndProject
Project("{9A19103F-16F7-4668-BE54-9A1E7A4F7556}") = "7", "7\7.csproj", "{67750C16-AD3C-4AAC-9767-38B6266FA3E9}"
EndProject
Project("{9A19103F-16F7-4668-BE54-9A1E7A4F7556}") = "8", "8\8.csproj", "{A0968A48-BA9E-4D8A-8E94-44A40345C18E}"
EndProject
Project("{9A19103F-16F7-4668-BE54-9A1E7A4F7556}") = "9", "9\9.csproj", "{9570A19A-A358-4556-AD70-977ABF6D2750}"
EndProject
Project("{9A19103F-16F7-4668-BE54-9A1E7A4F7556}") = "10", "10\10.csproj", "{0C4A4F6C-CC5A-4901-A2BE-05A4BDBDCF16}"
EndProject
Project("{9A19103F-16F7-4668-BE54-9A1E7A4F7556}") = "11", "11\11.csproj", "{E4A4D22A-9598-4FF4-888C-A6B260749F20}"
EndProject
Project("{9A19103F-16F7-4668-BE54-9A1E7A4F7556}") = "12", "12\12.csproj", "{E7DD91BF-A0E7-4FEE-8963-33D86FAA63C3}"
EndProject
Project("{9A19103F-16F7-4668-BE54-9A1E7A4F7556}") = "13", "13\13.csproj", "{3CF18E5F-B4F1-4766-830A-37B544B82822}"
EndProject
Project("{9A19103F-16F7-4668-BE54-9A1E7A4F7556}") = "14", "14\14.csproj", "{DB5A8365-3BDE-4376-A860-DE797DE14A36}"
EndProject
Project("{9A19103F-16F7-4668-BE54-9A1E7A4F7556}") = "15", "15\15.csproj", "{747E13E4-E2BD-4EF4-8A41-D0695D47C1FC}"
EndProject
Project("{9A19103F-16F7-4668-BE54-9A1E7A4F7556}") = "16", "16\16.csproj", "{5F65ECD8-1AC0-4AB9-8B2B-66C7942A808F}"
EndProject
Project("{9A19103F-16F7-4668-BE54-9A1E7A4F7556}") = "17", "17\17.csproj", "{C821440D-F0A3-4359-AC61-6B9318C3001C}"
EndProject
Project("{9A19103F-16F7-4668-BE54-9A1E7A4F7556}") = "18", "18\18.csproj", "{08F85749-281E-4E99-8AF5-4E09228A1003}"
EndProject
Project("{9A19103F-16F7-4668-BE54-9A1E7A4F7556}") = "19", "19\19.csproj", "{9B0D15C5-6D07-4DBE-97CD-872F53E9E54C}"
EndProject
Project("{9A19103F-16F7-4668-BE54-9A1E7A4F7556}") = "67", "67\67.csproj", "{03309919-3D80-4D44-AD5B-991DD8E21979}"
EndProject
Project("{9A19103F-16F7-4668-BE54-9A1E7A4F7556}") = "20", "20\20.csproj", "{019FE3C7-998A-4E86-8916-3FFB71C02C59}"
EndProject
Project("{9A19103F-16F7-4668-BE54-9A1E7A4F7556}") = "21", "21\21.csproj", "{5658782C-83C7-491C-B4CA-71A35F04F487}"
EndProject
Project("{9A19103F-16F7-4668-BE54-9A1E7A4F7556}") = "22", "22\22.csproj", "{02FABC60-8A4B-44FB-8AA1-651F41468A14}"
EndProject
Project("{9A19103F-16F7-4668-BE54-9A1E7A4F7556}") = "23", "23\23.csproj", "{AF423326-7E52-4625-96D4-2F8BD14695EF}"
EndProject
Project("{9A19103F-16F7-4668-BE54-9A1E7A4F7556}") = "24", "24\24.csproj", "{0B403316-5FCF-4AB0-8065-33296CB612BF}"
EndProject
Project("{9A19103F-16F7-4668-BE54-9A1E7A4F7556}") = "25", "25\25.csproj", "{C5DEB601-4E61-4498-BF40-076456090B66}"
EndProject
Project("{9A19103F-16F7-4668-BE54-9A1E7A4F7556}") = "26", "26\26.csproj", "{CD4114B5-3C99-4691-825F-89D22A64557E}"
EndProject
Project("{9A19103F-16F7-4668-BE54-9A1E7A4F7556}") = "27", "27\27.csproj", "{13228492-2747-4F9E-9F4A-A39EF590E4C7}"
EndProject
Project("{9A19103F-16F7-4668-BE54-9A1E7A4F7556}") = "28", "28\28.csproj", "{9FD2EB6D-6F1E-4D27-A082-AA4DD658F7E1}"
EndProject
Project("{FAE04EC0-301F-11D3-BF4B-00C04F79EFBC}") = "29", "29\29.csproj", "{B0ACD94E-A582-4B19-A922-F87FF5184F3D}"
EndProject
Project("{FAE04EC0-301F-11D3-BF4B-00C04F79EFBC}") = "30", "30\30.csproj", "{45286694-F5FB-4D02-BDD7-B9ADBC4DC5AA}"
EndProject
Project("{FAE04EC0-301F-11D3-BF4B-00C04F79EFBC}") = "31", "31\31.csproj", "{7470AD24-19CA-48FE-8ECE-E43B6F69674B}"
EndProject
Global
	GlobalSection(SolutionConfigurationPlatforms) = preSolution
		Debug|Any CPU = Debug|Any CPU
		Release|Any CPU = Release|Any CPU
	EndGlobalSection
	GlobalSection(ProjectConfigurationPlatforms) = postSolution
		{0A93898D-8FBF-4ED4-A02E-5C654A1D8303}.Debug|Any CPU.ActiveCfg = Debug|Any CPU
		{0A93898D-8FBF-4ED4-A02E-5C654A1D8303}.Debug|Any CPU.Build.0 = Debug|Any CPU
		{0A93898D-8FBF-4ED4-A02E-5C654A1D8303}.Release|Any CPU.ActiveCfg = Release|Any CPU
		{0A93898D-8FBF-4ED4-A02E-5C654A1D8303}.Release|Any CPU.Build.0 = Release|Any CPU
		{E1DC4941-FDA4-4761-955D-3C0297DB0D64}.Debug|Any CPU.ActiveCfg = Debug|Any CPU
		{E1DC4941-FDA4-4761-955D-3C0297DB0D64}.Debug|Any CPU.Build.0 = Debug|Any CPU
		{E1DC4941-FDA4-4761-955D-3C0297DB0D64}.Release|Any CPU.ActiveCfg = Release|Any CPU
		{E1DC4941-FDA4-4761-955D-3C0297DB0D64}.Release|Any CPU.Build.0 = Release|Any CPU
		{4F73EE92-8090-4693-9FEC-61AB3600B455}.Debug|Any CPU.ActiveCfg = Debug|Any CPU
		{4F73EE92-8090-4693-9FEC-61AB3600B455}.Debug|Any CPU.Build.0 = Debug|Any CPU
		{4F73EE92-8090-4693-9FEC-61AB3600B455}.Release|Any CPU.ActiveCfg = Release|Any CPU
		{4F73EE92-8090-4693-9FEC-61AB3600B455}.Release|Any CPU.Build.0 = Release|Any CPU
		{FB93C50B-2FD1-419F-AC16-6D386F38D005}.Debug|Any CPU.ActiveCfg = Debug|Any CPU
		{FB93C50B-2FD1-419F-AC16-6D386F38D005}.Debug|Any CPU.Build.0 = Debug|Any CPU
		{FB93C50B-2FD1-419F-AC16-6D386F38D005}.Release|Any CPU.ActiveCfg = Release|Any CPU
		{FB93C50B-2FD1-419F-AC16-6D386F38D005}.Release|Any CPU.Build.0 = Release|Any CPU
		{20D15D5B-1AED-4D4D-85E1-913179CDEF17}.Debug|Any CPU.ActiveCfg = Debug|Any CPU
		{20D15D5B-1AED-4D4D-85E1-913179CDEF17}.Debug|Any CPU.Build.0 = Debug|Any CPU
		{20D15D5B-1AED-4D4D-85E1-913179CDEF17}.Release|Any CPU.ActiveCfg = Release|Any CPU
		{20D15D5B-1AED-4D4D-85E1-913179CDEF17}.Release|Any CPU.Build.0 = Release|Any CPU
		{E104607D-06BF-4A39-AEC4-22F4D1B1559E}.Debug|Any CPU.ActiveCfg = Debug|Any CPU
		{E104607D-06BF-4A39-AEC4-22F4D1B1559E}.Debug|Any CPU.Build.0 = Debug|Any CPU
		{E104607D-06BF-4A39-AEC4-22F4D1B1559E}.Release|Any CPU.ActiveCfg = Release|Any CPU
		{E104607D-06BF-4A39-AEC4-22F4D1B1559E}.Release|Any CPU.Build.0 = Release|Any CPU
		{67750C16-AD3C-4AAC-9767-38B6266FA3E9}.Debug|Any CPU.ActiveCfg = Debug|Any CPU
		{67750C16-AD3C-4AAC-9767-38B6266FA3E9}.Debug|Any CPU.Build.0 = Debug|Any CPU
		{67750C16-AD3C-4AAC-9767-38B6266FA3E9}.Release|Any CPU.ActiveCfg = Release|Any CPU
		{67750C16-AD3C-4AAC-9767-38B6266FA3E9}.Release|Any CPU.Build.0 = Release|Any CPU
		{A0968A48-BA9E-4D8A-8E94-44A40345C18E}.Debug|Any CPU.ActiveCfg = Debug|Any CPU
		{A0968A48-BA9E-4D8A-8E94-44A40345C18E}.Debug|Any CPU.Build.0 = Debug|Any CPU
		{A0968A48-BA9E-4D8A-8E94-44A40345C18E}.Release|Any CPU.ActiveCfg = Release|Any CPU
		{A0968A48-BA9E-4D8A-8E94-44A40345C18E}.Release|Any CPU.Build.0 = Release|Any CPU
		{9570A19A-A358-4556-AD70-977ABF6D2750}.Debug|Any CPU.ActiveCfg = Debug|Any CPU
		{9570A19A-A358-4556-AD70-977ABF6D2750}.Debug|Any CPU.Build.0 = Debug|Any CPU
		{9570A19A-A358-4556-AD70-977ABF6D2750}.Release|Any CPU.ActiveCfg = Release|Any CPU
		{9570A19A-A358-4556-AD70-977ABF6D2750}.Release|Any CPU.Build.0 = Release|Any CPU
		{0C4A4F6C-CC5A-4901-A2BE-05A4BDBDCF16}.Debug|Any CPU.ActiveCfg = Debug|Any CPU
		{0C4A4F6C-CC5A-4901-A2BE-05A4BDBDCF16}.Debug|Any CPU.Build.0 = Debug|Any CPU
		{0C4A4F6C-CC5A-4901-A2BE-05A4BDBDCF16}.Release|Any CPU.ActiveCfg = Release|Any CPU
		{0C4A4F6C-CC5A-4901-A2BE-05A4BDBDCF16}.Release|Any CPU.Build.0 = Release|Any CPU
		{E4A4D22A-9598-4FF4-888C-A6B260749F20}.Debug|Any CPU.ActiveCfg = Debug|Any CPU
		{E4A4D22A-9598-4FF4-888C-A6B260749F20}.Debug|Any CPU.Build.0 = Debug|Any CPU
		{E4A4D22A-9598-4FF4-888C-A6B260749F20}.Release|Any CPU.ActiveCfg = Release|Any CPU
		{E4A4D22A-9598-4FF4-888C-A6B260749F20}.Release|Any CPU.Build.0 = Release|Any CPU
		{E7DD91BF-A0E7-4FEE-8963-33D86FAA63C3}.Debug|Any CPU.ActiveCfg = Debug|Any CPU
		{E7DD91BF-A0E7-4FEE-8963-33D86FAA63C3}.Debug|Any CPU.Build.0 = Debug|Any CPU
		{E7DD91BF-A0E7-4FEE-8963-33D86FAA63C3}.Release|Any CPU.ActiveCfg = Release|Any CPU
		{E7DD91BF-A0E7-4FEE-8963-33D86FAA63C3}.Release|Any CPU.Build.0 = Release|Any CPU
		{3CF18E5F-B4F1-4766-830A-37B544B82822}.Debug|Any CPU.ActiveCfg = Debug|Any CPU
		{3CF18E5F-B4F1-4766-830A-37B544B82822}.Debug|Any CPU.Build.0 = Debug|Any CPU
		{3CF18E5F-B4F1-4766-830A-37B544B82822}.Release|Any CPU.ActiveCfg = Release|Any CPU
		{3CF18E5F-B4F1-4766-830A-37B544B82822}.Release|Any CPU.Build.0 = Release|Any CPU
		{DB5A8365-3BDE-4376-A860-DE797DE14A36}.Debug|Any CPU.ActiveCfg = Debug|Any CPU
		{DB5A8365-3BDE-4376-A860-DE797DE14A36}.Debug|Any CPU.Build.0 = Debug|Any CPU
		{DB5A8365-3BDE-4376-A860-DE797DE14A36}.Release|Any CPU.ActiveCfg = Release|Any CPU
		{DB5A8365-3BDE-4376-A860-DE797DE14A36}.Release|Any CPU.Build.0 = Release|Any CPU
		{747E13E4-E2BD-4EF4-8A41-D0695D47C1FC}.Debug|Any CPU.ActiveCfg = Debug|Any CPU
		{747E13E4-E2BD-4EF4-8A41-D0695D47C1FC}.Debug|Any CPU.Build.0 = Debug|Any CPU
		{747E13E4-E2BD-4EF4-8A41-D0695D47C1FC}.Release|Any CPU.ActiveCfg = Release|Any CPU
		{747E13E4-E2BD-4EF4-8A41-D0695D47C1FC}.Release|Any CPU.Build.0 = Release|Any CPU
		{5F65ECD8-1AC0-4AB9-8B2B-66C7942A808F}.Debug|Any CPU.ActiveCfg = Debug|Any CPU
		{5F65ECD8-1AC0-4AB9-8B2B-66C7942A808F}.Debug|Any CPU.Build.0 = Debug|Any CPU
		{5F65ECD8-1AC0-4AB9-8B2B-66C7942A808F}.Release|Any CPU.ActiveCfg = Release|Any CPU
		{5F65ECD8-1AC0-4AB9-8B2B-66C7942A808F}.Release|Any CPU.Build.0 = Release|Any CPU
		{C821440D-F0A3-4359-AC61-6B9318C3001C}.Debug|Any CPU.ActiveCfg = Debug|Any CPU
		{C821440D-F0A3-4359-AC61-6B9318C3001C}.Debug|Any CPU.Build.0 = Debug|Any CPU
		{C821440D-F0A3-4359-AC61-6B9318C3001C}.Release|Any CPU.ActiveCfg = Release|Any CPU
		{C821440D-F0A3-4359-AC61-6B9318C3001C}.Release|Any CPU.Build.0 = Release|Any CPU
		{08F85749-281E-4E99-8AF5-4E09228A1003}.Debug|Any CPU.ActiveCfg = Debug|Any CPU
		{08F85749-281E-4E99-8AF5-4E09228A1003}.Debug|Any CPU.Build.0 = Debug|Any CPU
		{08F85749-281E-4E99-8AF5-4E09228A1003}.Release|Any CPU.ActiveCfg = Release|Any CPU
		{08F85749-281E-4E99-8AF5-4E09228A1003}.Release|Any CPU.Build.0 = Release|Any CPU
		{9B0D15C5-6D07-4DBE-97CD-872F53E9E54C}.Debug|Any CPU.ActiveCfg = Debug|Any CPU
		{9B0D15C5-6D07-4DBE-97CD-872F53E9E54C}.Debug|Any CPU.Build.0 = Debug|Any CPU
		{9B0D15C5-6D07-4DBE-97CD-872F53E9E54C}.Release|Any CPU.ActiveCfg = Release|Any CPU
		{9B0D15C5-6D07-4DBE-97CD-872F53E9E54C}.Release|Any CPU.Build.0 = Release|Any CPU
		{03309919-3D80-4D44-AD5B-991DD8E21979}.Debug|Any CPU.ActiveCfg = Debug|Any CPU
		{03309919-3D80-4D44-AD5B-991DD8E21979}.Debug|Any CPU.Build.0 = Debug|Any CPU
		{03309919-3D80-4D44-AD5B-991DD8E21979}.Release|Any CPU.ActiveCfg = Release|Any CPU
		{03309919-3D80-4D44-AD5B-991DD8E21979}.Release|Any CPU.Build.0 = Release|Any CPU
		{019FE3C7-998A-4E86-8916-3FFB71C02C59}.Debug|Any CPU.ActiveCfg = Debug|Any CPU
		{019FE3C7-998A-4E86-8916-3FFB71C02C59}.Debug|Any CPU.Build.0 = Debug|Any CPU
		{019FE3C7-998A-4E86-8916-3FFB71C02C59}.Release|Any CPU.ActiveCfg = Release|Any CPU
		{019FE3C7-998A-4E86-8916-3FFB71C02C59}.Release|Any CPU.Build.0 = Release|Any CPU
		{5658782C-83C7-491C-B4CA-71A35F04F487}.Debug|Any CPU.ActiveCfg = Debug|Any CPU
		{5658782C-83C7-491C-B4CA-71A35F04F487}.Debug|Any CPU.Build.0 = Debug|Any CPU
		{5658782C-83C7-491C-B4CA-71A35F04F487}.Release|Any CPU.ActiveCfg = Release|Any CPU
		{5658782C-83C7-491C-B4CA-71A35F04F487}.Release|Any CPU.Build.0 = Release|Any CPU
		{02FABC60-8A4B-44FB-8AA1-651F41468A14}.Debug|Any CPU.ActiveCfg = Debug|Any CPU
		{02FABC60-8A4B-44FB-8AA1-651F41468A14}.Debug|Any CPU.Build.0 = Debug|Any CPU
		{02FABC60-8A4B-44FB-8AA1-651F41468A14}.Release|Any CPU.ActiveCfg = Release|Any CPU
		{02FABC60-8A4B-44FB-8AA1-651F41468A14}.Release|Any CPU.Build.0 = Release|Any CPU
		{AF423326-7E52-4625-96D4-2F8BD14695EF}.Debug|Any CPU.ActiveCfg = Debug|Any CPU
		{AF423326-7E52-4625-96D4-2F8BD14695EF}.Debug|Any CPU.Build.0 = Debug|Any CPU
		{AF423326-7E52-4625-96D4-2F8BD14695EF}.Release|Any CPU.ActiveCfg = Release|Any CPU
		{AF423326-7E52-4625-96D4-2F8BD14695EF}.Release|Any CPU.Build.0 = Release|Any CPU
		{0B403316-5FCF-4AB0-8065-33296CB612BF}.Debug|Any CPU.ActiveCfg = Debug|Any CPU
		{0B403316-5FCF-4AB0-8065-33296CB612BF}.Debug|Any CPU.Build.0 = Debug|Any CPU
		{0B403316-5FCF-4AB0-8065-33296CB612BF}.Release|Any CPU.ActiveCfg = Release|Any CPU
		{0B403316-5FCF-4AB0-8065-33296CB612BF}.Release|Any CPU.Build.0 = Release|Any CPU
		{C5DEB601-4E61-4498-BF40-076456090B66}.Debug|Any CPU.ActiveCfg = Debug|Any CPU
		{C5DEB601-4E61-4498-BF40-076456090B66}.Debug|Any CPU.Build.0 = Debug|Any CPU
		{C5DEB601-4E61-4498-BF40-076456090B66}.Release|Any CPU.ActiveCfg = Release|Any CPU
		{C5DEB601-4E61-4498-BF40-076456090B66}.Release|Any CPU.Build.0 = Release|Any CPU
		{CD4114B5-3C99-4691-825F-89D22A64557E}.Debug|Any CPU.ActiveCfg = Debug|Any CPU
		{CD4114B5-3C99-4691-825F-89D22A64557E}.Debug|Any CPU.Build.0 = Debug|Any CPU
		{CD4114B5-3C99-4691-825F-89D22A64557E}.Release|Any CPU.ActiveCfg = Release|Any CPU
		{CD4114B5-3C99-4691-825F-89D22A64557E}.Release|Any CPU.Build.0 = Release|Any CPU
		{13228492-2747-4F9E-9F4A-A39EF590E4C7}.Debug|Any CPU.ActiveCfg = Debug|Any CPU
		{13228492-2747-4F9E-9F4A-A39EF590E4C7}.Debug|Any CPU.Build.0 = Debug|Any CPU
		{13228492-2747-4F9E-9F4A-A39EF590E4C7}.Release|Any CPU.ActiveCfg = Release|Any CPU
		{13228492-2747-4F9E-9F4A-A39EF590E4C7}.Release|Any CPU.Build.0 = Release|Any CPU
		{9FD2EB6D-6F1E-4D27-A082-AA4DD658F7E1}.Debug|Any CPU.ActiveCfg = Debug|Any CPU
		{9FD2EB6D-6F1E-4D27-A082-AA4DD658F7E1}.Debug|Any CPU.Build.0 = Debug|Any CPU
		{9FD2EB6D-6F1E-4D27-A082-AA4DD658F7E1}.Release|Any CPU.ActiveCfg = Release|Any CPU
		{9FD2EB6D-6F1E-4D27-A082-AA4DD658F7E1}.Release|Any CPU.Build.0 = Release|Any CPU
		{B0ACD94E-A582-4B19-A922-F87FF5184F3D}.Debug|Any CPU.ActiveCfg = Debug|Any CPU
		{B0ACD94E-A582-4B19-A922-F87FF5184F3D}.Debug|Any CPU.Build.0 = Debug|Any CPU
		{B0ACD94E-A582-4B19-A922-F87FF5184F3D}.Release|Any CPU.ActiveCfg = Release|Any CPU
		{B0ACD94E-A582-4B19-A922-F87FF5184F3D}.Release|Any CPU.Build.0 = Release|Any CPU
		{45286694-F5FB-4D02-BDD7-B9ADBC4DC5AA}.Debug|Any CPU.ActiveCfg = Debug|Any CPU
		{45286694-F5FB-4D02-BDD7-B9ADBC4DC5AA}.Debug|Any CPU.Build.0 = Debug|Any CPU
		{45286694-F5FB-4D02-BDD7-B9ADBC4DC5AA}.Release|Any CPU.ActiveCfg = Release|Any CPU
		{45286694-F5FB-4D02-BDD7-B9ADBC4DC5AA}.Release|Any CPU.Build.0 = Release|Any CPU
		{7470AD24-19CA-48FE-8ECE-E43B6F69674B}.Debug|Any CPU.ActiveCfg = Debug|Any CPU
		{7470AD24-19CA-48FE-8ECE-E43B6F69674B}.Debug|Any CPU.Build.0 = Debug|Any CPU
		{7470AD24-19CA-48FE-8ECE-E43B6F69674B}.Release|Any CPU.ActiveCfg = Release|Any CPU
		{7470AD24-19CA-48FE-8ECE-E43B6F69674B}.Release|Any CPU.Build.0 = Release|Any CPU
	EndGlobalSection
	GlobalSection(SolutionProperties) = preSolution
		HideSolutionNode = FALSE
	EndGlobalSection
	GlobalSection(ExtensibilityGlobals) = postSolution
		SolutionGuid = {066D294D-CB4D-45F8-8D91-35AA506D075A}
	EndGlobalSection
EndGlobal
