
Microsoft Visual Studio Solution File, Format Version 12.00
# Visual Studio Version 16
VisualStudioVersion = 16.0.29424.173
MinimumVisualStudioVersion = 10.0.40219.1
Project("{FAE04EC0-301F-11D3-BF4B-00C04F79EFBC}") = "1", "ProjectEuler\1.csproj", "{DFF42D80-0219-4D01-A6C8-473C822A4BC8}"
EndProject
Global
	GlobalSection(SolutionConfigurationPlatforms) = preSolution
		Debug|Any CPU = Debug|Any CPU
		Release|Any CPU = Release|Any CPU
	EndGlobalSection
	GlobalSection(ProjectConfigurationPlatforms) = postSolution
		{DFF42D80-0219-4D01-A6C8-473C822A4BC8}.Debug|Any CPU.ActiveCfg = Debug|Any CPU
		{DFF42D80-0219-4D01-A6C8-473C822A4BC8}.Debug|Any CPU.Build.0 = Debug|Any CPU
		{DFF42D80-0219-4D01-A6C8-473C822A4BC8}.Release|Any CPU.ActiveCfg = Release|Any CPU
		{DFF42D80-0219-4D01-A6C8-473C822A4BC8}.Release|Any CPU.Build.0 = Release|Any CPU
	EndGlobalSection
	GlobalSection(SolutionProperties) = preSolution
		HideSolutionNode = FALSE
	EndGlobalSection
	GlobalSection(ExtensibilityGlobals) = postSolution
		SolutionGuid = {066D294D-CB4D-45F8-8D91-35AA506D075A}
	EndGlobalSection
EndGlobal
